
Microsoft Visual Studio Solution File, Format Version 12.00
# Visual Studio 14
VisualStudioVersion = 14.0.25420.1
MinimumVisualStudioVersion = 10.0.40219.1
Project("{FAE04EC0-301F-11D3-BF4B-00C04F79EFBC}") = "Ex05.CheckersWinFormUI", "Ex05.CheckersWinFormUI\Ex05.CheckersWinFormUI.csproj", "{140AC017-E489-413D-BB23-9106D064309F}"
EndProject
Project("{2150E333-8FDC-42A3-9474-1A3956D46DE8}") = "Solution Items", "Solution Items", "{8EB1DBF3-8B0A-494E-AD59-49DFEA0C7E53}"
	ProjectSection(SolutionItems) = preProject
		B18 Ex05 May 205661598 Noam 203439450.txt = B18 Ex05 May 205661598 Noam 203439450.txt
	EndProjectSection
EndProject
Project("{FAE04EC0-301F-11D3-BF4B-00C04F79EFBC}") = "Ex05.CheckersLogic", "Ex05.CheckersLogic\Ex05.CheckersLogic.csproj", "{1EEEC7A9-1CF4-46F3-887A-868134A35432}"
EndProject
Global
	GlobalSection(SolutionConfigurationPlatforms) = preSolution
		Debug|Any CPU = Debug|Any CPU
		Release|Any CPU = Release|Any CPU
	EndGlobalSection
	GlobalSection(ProjectConfigurationPlatforms) = postSolution
		{140AC017-E489-413D-BB23-9106D064309F}.Debug|Any CPU.ActiveCfg = Debug|Any CPU
		{140AC017-E489-413D-BB23-9106D064309F}.Debug|Any CPU.Build.0 = Debug|Any CPU
		{140AC017-E489-413D-BB23-9106D064309F}.Release|Any CPU.ActiveCfg = Release|Any CPU
		{140AC017-E489-413D-BB23-9106D064309F}.Release|Any CPU.Build.0 = Release|Any CPU
		{1EEEC7A9-1CF4-46F3-887A-868134A35432}.Debug|Any CPU.ActiveCfg = Debug|Any CPU
		{1EEEC7A9-1CF4-46F3-887A-868134A35432}.Debug|Any CPU.Build.0 = Debug|Any CPU
		{1EEEC7A9-1CF4-46F3-887A-868134A35432}.Release|Any CPU.ActiveCfg = Release|Any CPU
		{1EEEC7A9-1CF4-46F3-887A-868134A35432}.Release|Any CPU.Build.0 = Release|Any CPU
	EndGlobalSection
	GlobalSection(SolutionProperties) = preSolution
		HideSolutionNode = FALSE
	EndGlobalSection
EndGlobal
